// !$*UTF8*$!
{
	archiveVersion = 1;
	classes = {
	};
	objectVersion = 77;
	objects = {

/* Begin PBXBuildFile section */
		D6BD0C8A2DCB310400ABA921 /* FirebaseDatabase in Frameworks */ = {isa = PBXBuildFile; productRef = D6EA2E962DC8AE9400ACDC9D /* FirebaseDatabase */; };
		D6BD0C8B2DCB310400ABA921 /* FirebaseInAppMessaging-Beta in Frameworks */ = {isa = PBXBuildFile; productRef = D6EA2EF42DC8BEC300ACDC9D /* FirebaseInAppMessaging-Beta */; };
		D6EA2DA82DC8A4B400ACDC9D /* FirebaseAuth in Frameworks */ = {isa = PBXBuildFile; productRef = D6EA2DA72DC8A4B400ACDC9D /* FirebaseAuth */; };
		D6EA2DAA2DC8A4B400ACDC9D /* FirebaseCore in Frameworks */ = {isa = PBXBuildFile; productRef = D6EA2DA92DC8A4B400ACDC9D /* FirebaseCore */; };
		D6EA2DAC2DC8A4B400ACDC9D /* FirebaseFirestore in Frameworks */ = {isa = PBXBuildFile; productRef = D6EA2DAB2DC8A4B400ACDC9D /* FirebaseFirestore */; };
		D6EA2E952DC8AE9400ACDC9D /* FirebaseAnalytics in Frameworks */ = {isa = PBXBuildFile; productRef = D6EA2E942DC8AE9400ACDC9D /* FirebaseAnalytics */; };
		D6EA2E992DC8AE9400ACDC9D /* FirebaseStorage in Frameworks */ = {isa = PBXBuildFile; productRef = D6EA2E982DC8AE9400ACDC9D /* FirebaseStorage */; };
/* End PBXBuildFile section */

/* Begin PBXFileReference section */
		D6EA2D062DC8914000ACDC9D /* Sipider_Web.app */ = {isa = PBXFileReference; explicitFileType = wrapper.application; includeInIndex = 0; path = Sipider_Web.app; sourceTree = BUILT_PRODUCTS_DIR; };
/* End PBXFileReference section */

/* Begin PBXFileSystemSynchronizedBuildFileExceptionSet section */
		D6EA2D1B2DC8914200ACDC9D /* Exceptions for "Sipider_Web" folder in "Sipider_Web" target */ = {
			isa = PBXFileSystemSynchronizedBuildFileExceptionSet;
			membershipExceptions = (
				SuportingFiles/Info.plist,
			);
			target = D6EA2D052DC8914000ACDC9D /* Sipider_Web */;
		};
/* End PBXFileSystemSynchronizedBuildFileExceptionSet section */

/* Begin PBXFileSystemSynchronizedRootGroup section */
		D6EA2D082DC8914000ACDC9D /* Sipider_Web */ = {
			isa = PBXFileSystemSynchronizedRootGroup;
			exceptions = (
				D6EA2D1B2DC8914200ACDC9D /* Exceptions for "Sipider_Web" folder in "Sipider_Web" target */,
			);
			path = Sipider_Web;
			sourceTree = "<group>";
		};
/* End PBXFileSystemSynchronizedRootGroup section */

/* Begin PBXFrameworksBuildPhase section */
		D6EA2D032DC8914000ACDC9D /* Frameworks */ = {
			isa = PBXFrameworksBuildPhase;
			buildActionMask = 2147483647;
			files = (
				D6BD0C8B2DCB310400ABA921 /* FirebaseInAppMessaging-Beta in Frameworks */,
				D6BD0C8A2DCB310400ABA921 /* FirebaseDatabase in Frameworks */,
				D6EA2DAA2DC8A4B400ACDC9D /* FirebaseCore in Frameworks */,
				D6EA2DA82DC8A4B400ACDC9D /* FirebaseAuth in Frameworks */,
				D6EA2E952DC8AE9400ACDC9D /* FirebaseAnalytics in Frameworks */,
				D6EA2DAC2DC8A4B400ACDC9D /* FirebaseFirestore in Frameworks */,
				D6EA2E992DC8AE9400ACDC9D /* FirebaseStorage in Frameworks */,
			);
			runOnlyForDeploymentPostprocessing = 0;
		};
/* End PBXFrameworksBuildPhase section */

/* Begin PBXGroup section */
		D6EA2CFD2DC8914000ACDC9D = {
			isa = PBXGroup;
			children = (
				D6EA2D082DC8914000ACDC9D /* Sipider_Web */,
				D6EA2D072DC8914000ACDC9D /* Products */,
			);
			sourceTree = "<group>";
		};
		D6EA2D072DC8914000ACDC9D /* Products */ = {
			isa = PBXGroup;
			children = (
				D6EA2D062DC8914000ACDC9D /* Sipider_Web.app */,
			);
			name = Products;
			sourceTree = "<group>";
		};
/* End PBXGroup section */

/* Begin PBXNativeTarget section */
		D6EA2D052DC8914000ACDC9D /* Sipider_Web */ = {
			isa = PBXNativeTarget;
			buildConfigurationList = D6EA2D1C2DC8914200ACDC9D /* Build configuration list for PBXNativeTarget "Sipider_Web" */;
			buildPhases = (
				D6EA2D022DC8914000ACDC9D /* Sources */,
				D6EA2D032DC8914000ACDC9D /* Frameworks */,
				D6EA2D042DC8914000ACDC9D /* Resources */,
			);
			buildRules = (
			);
			dependencies = (
			);
			fileSystemSynchronizedGroups = (
				D6EA2D082DC8914000ACDC9D /* Sipider_Web */,
			);
			name = Sipider_Web;
			packageProductDependencies = (
				D6EA2DA72DC8A4B400ACDC9D /* FirebaseAuth */,
				D6EA2DA92DC8A4B400ACDC9D /* FirebaseCore */,
				D6EA2DAB2DC8A4B400ACDC9D /* FirebaseFirestore */,
				D6EA2E942DC8AE9400ACDC9D /* FirebaseAnalytics */,
				D6EA2E962DC8AE9400ACDC9D /* FirebaseDatabase */,
				D6EA2E982DC8AE9400ACDC9D /* FirebaseStorage */,
				D6EA2EF42DC8BEC300ACDC9D /* FirebaseInAppMessaging-Beta */,
			);
			productName = Sipider_Web;
			productReference = D6EA2D062DC8914000ACDC9D /* Sipider_Web.app */;
			productType = "com.apple.product-type.application";
		};
/* End PBXNativeTarget section */

/* Begin PBXProject section */
		D6EA2CFE2DC8914000ACDC9D /* Project object */ = {
			isa = PBXProject;
			attributes = {
				BuildIndependentTargetsInParallel = 1;
				LastSwiftUpdateCheck = 1630;
				LastUpgradeCheck = 1630;
				TargetAttributes = {
					D6EA2D052DC8914000ACDC9D = {
						CreatedOnToolsVersion = 16.3;
					};
				};
			};
			buildConfigurationList = D6EA2D012DC8914000ACDC9D /* Build configuration list for PBXProject "Sipider_Web" */;
			developmentRegion = en;
			hasScannedForEncodings = 0;
			knownRegions = (
				en,
				Base,
			);
			mainGroup = D6EA2CFD2DC8914000ACDC9D;
			minimizedProjectReferenceProxies = 1;
			packageReferences = (
				D6EA2DA62DC8A4B400ACDC9D /* XCRemoteSwiftPackageReference "firebase-ios-sdk" */,
			);
			preferredProjectObjectVersion = 77;
			productRefGroup = D6EA2D072DC8914000ACDC9D /* Products */;
			projectDirPath = "";
			projectRoot = "";
			targets = (
				D6EA2D052DC8914000ACDC9D /* Sipider_Web */,
			);
		};
/* End PBXProject section */

/* Begin PBXResourcesBuildPhase section */
		D6EA2D042DC8914000ACDC9D /* Resources */ = {
			isa = PBXResourcesBuildPhase;
			buildActionMask = 2147483647;
			files = (
			);
			runOnlyForDeploymentPostprocessing = 0;
		};
/* End PBXResourcesBuildPhase section */

/* Begin PBXSourcesBuildPhase section */
		D6EA2D022DC8914000ACDC9D /* Sources */ = {
			isa = PBXSourcesBuildPhase;
			buildActionMask = 2147483647;
			files = (
			);
			runOnlyForDeploymentPostprocessing = 0;
		};
/* End PBXSourcesBuildPhase section */

/* Begin XCBuildConfiguration section */
		D6EA2D1D2DC8914200ACDC9D /* Debug */ = {
			isa = XCBuildConfiguration;
			buildSettings = {
				ASSETCATALOG_COMPILER_APPICON_NAME = AppIcon;
				ASSETCATALOG_COMPILER_GLOBAL_ACCENT_COLOR_NAME = AccentColor;
				CODE_SIGN_STYLE = Automatic;
				CURRENT_PROJECT_VERSION = 1;
				DEVELOPMENT_TEAM = W2262Z7D8F;
				GENERATE_INFOPLIST_FILE = YES;
				INFOPLIST_FILE = Sipider_Web/SuportingFiles/Info.plist;
				INFOPLIST_KEY_UIApplicationSupportsIndirectInputEvents = YES;
				INFOPLIST_KEY_UILaunchStoryboardName = LaunchScreen;
				INFOPLIST_KEY_UIMainStoryboardFile = Main;
				INFOPLIST_KEY_UISupportedInterfaceOrientations_iPad = "UIInterfaceOrientationPortrait UIInterfaceOrientationPortraitUpsideDown UIInterfaceOrientationLandscapeLeft UIInterfaceOrientationLandscapeRight";
				INFOPLIST_KEY_UISupportedInterfaceOrientations_iPhone = "UIInterfaceOrientationPortrait UIInterfaceOrientationLandscapeLeft UIInterfaceOrientationLandscapeRight";
				LD_RUNPATH_SEARCH_PATHS = (
					"$(inherited)",
					"@executable_path/Frameworks",
				);
				MARKETING_VERSION = 1.0;
				PRODUCT_BUNDLE_IDENTIFIER = "com.muhammetemrekemanci.Sipider-Web";
				PRODUCT_NAME = "$(TARGET_NAME)";
				SWIFT_EMIT_LOC_STRINGS = YES;
				SWIFT_VERSION = 5.0;
				TARGETED_DEVICE_FAMILY = "1,2";
			};
			name = Debug;
		};
		D6EA2D1E2DC8914200ACDC9D /* Release */ = {
			isa = XCBuildConfiguration;
			buildSettings = {
				ASSETCATALOG_COMPILER_APPICON_NAME = AppIcon;
				ASSETCATALOG_COMPILER_GLOBAL_ACCENT_COLOR_NAME = AccentColor;
				CODE_SIGN_STYLE = Automatic;
				CURRENT_PROJECT_VERSION = 1;
				DEVELOPMENT_TEAM = W2262Z7D8F;
				GENERATE_INFOPLIST_FILE = YES;
				INFOPLIST_FILE = Sipider_Web/SuportingFiles/Info.plist;
				INFOPLIST_KEY_UIApplicationSupportsIndirectInputEvents = YES;
				INFOPLIST_KEY_UILaunchStoryboardName = LaunchScreen;
				INFOPLIST_KEY_UIMainStoryboardFile = Main;
				INFOPLIST_KEY_UISupportedInterfaceOrientations_iPad = "UIInterfaceOrientationPortrait UIInterfaceOrientationPortraitUpsideDown UIInterfaceOrientationLandscapeLeft UIInterfaceOrientationLandscapeRight";
				INFOPLIST_KEY_UISupportedInterfaceOrientations_iPhone = "UIInterfaceOrientationPortrait UIInterfaceOrientationLandscapeLeft UIInterfaceOrientationLandscapeRight";
				LD_RUNPATH_SEARCH_PATHS = (
					"$(inherited)",
					"@executable_path/Frameworks",
				);
				MARKETING_VERSION = 1.0;
				PRODUCT_BUNDLE_IDENTIFIER = "com.muhammetemrekemanci.Sipider-Web";
				PRODUCT_NAME = "$(TARGET_NAME)";
				SWIFT_EMIT_LOC_STRINGS = YES;
				SWIFT_VERSION = 5.0;
				TARGETED_DEVICE_FAMILY = "1,2";
			};
			name = Release;
		};
		D6EA2D1F2DC8914200ACDC9D /* Debug */ = {
			isa = XCBuildConfiguration;
			buildSettings = {
				ALWAYS_SEARCH_USER_PATHS = NO;
				ASSETCATALOG_COMPILER_GENERATE_SWIFT_ASSET_SYMBOL_EXTENSIONS = YES;
				CLANG_ANALYZER_NONNULL = YES;
				CLANG_ANALYZER_NUMBER_OBJECT_CONVERSION = YES_AGGRESSIVE;
				CLANG_CXX_LANGUAGE_STANDARD = "gnu++20";
				CLANG_ENABLE_MODULES = YES;
				CLANG_ENABLE_OBJC_ARC = YES;
				CLANG_ENABLE_OBJC_WEAK = YES;
				CLANG_WARN_BLOCK_CAPTURE_AUTORELEASING = YES;
				CLANG_WARN_BOOL_CONVERSION = YES;
				CLANG_WARN_COMMA = YES;
				CLANG_WARN_CONSTANT_CONVERSION = YES;
				CLANG_WARN_DEPRECATED_OBJC_IMPLEMENTATIONS = YES;
				CLANG_WARN_DIRECT_OBJC_ISA_USAGE = YES_ERROR;
				CLANG_WARN_DOCUMENTATION_COMMENTS = YES;
				CLANG_WARN_EMPTY_BODY = YES;
				CLANG_WARN_ENUM_CONVERSION = YES;
				CLANG_WARN_INFINITE_RECURSION = YES;
				CLANG_WARN_INT_CONVERSION = YES;
				CLANG_WARN_NON_LITERAL_NULL_CONVERSION = YES;
				CLANG_WARN_OBJC_IMPLICIT_RETAIN_SELF = YES;
				CLANG_WARN_OBJC_LITERAL_CONVERSION = YES;
				CLANG_WARN_OBJC_ROOT_CLASS = YES_ERROR;
				CLANG_WARN_QUOTED_INCLUDE_IN_FRAMEWORK_HEADER = YES;
				CLANG_WARN_RANGE_LOOP_ANALYSIS = YES;
				CLANG_WARN_STRICT_PROTOTYPES = YES;
				CLANG_WARN_SUSPICIOUS_MOVE = YES;
				CLANG_WARN_UNGUARDED_AVAILABILITY = YES_AGGRESSIVE;
				CLANG_WARN_UNREACHABLE_CODE = YES;
				CLANG_WARN__DUPLICATE_METHOD_MATCH = YES;
				COPY_PHASE_STRIP = NO;
				DEBUG_INFORMATION_FORMAT = dwarf;
				DEVELOPMENT_TEAM = W2262Z7D8F;
				ENABLE_STRICT_OBJC_MSGSEND = YES;
				ENABLE_TESTABILITY = YES;
				ENABLE_USER_SCRIPT_SANDBOXING = YES;
				GCC_C_LANGUAGE_STANDARD = gnu17;
				GCC_DYNAMIC_NO_PIC = NO;
				GCC_NO_COMMON_BLOCKS = YES;
				GCC_OPTIMIZATION_LEVEL = 0;
				GCC_PREPROCESSOR_DEFINITIONS = (
					"DEBUG=1",
					"$(inherited)",
				);
				GCC_WARN_64_TO_32_BIT_CONVERSION = YES;
				GCC_WARN_ABOUT_RETURN_TYPE = YES_ERROR;
				GCC_WARN_UNDECLARED_SELECTOR = YES;
				GCC_WARN_UNINITIALIZED_AUTOS = YES_AGGRESSIVE;
				GCC_WARN_UNUSED_FUNCTION = YES;
				GCC_WARN_UNUSED_VARIABLE = YES;
				IPHONEOS_DEPLOYMENT_TARGET = 18.4;
				LOCALIZATION_PREFERS_STRING_CATALOGS = YES;
				MTL_ENABLE_DEBUG_INFO = INCLUDE_SOURCE;
				MTL_FAST_MATH = YES;
				ONLY_ACTIVE_ARCH = YES;
				SDKROOT = iphoneos;
				SWIFT_ACTIVE_COMPILATION_CONDITIONS = "DEBUG $(inherited)";
				SWIFT_OPTIMIZATION_LEVEL = "-Onone";
			};
			name = Debug;
		};
		D6EA2D202DC8914200ACDC9D /* Release */ = {
			isa = XCBuildConfiguration;
			buildSettings = {
				ALWAYS_SEARCH_USER_PATHS = NO;
				ASSETCATALOG_COMPILER_GENERATE_SWIFT_ASSET_SYMBOL_EXTENSIONS = YES;
				CLANG_ANALYZER_NONNULL = YES;
				CLANG_ANALYZER_NUMBER_OBJECT_CONVERSION = YES_AGGRESSIVE;
				CLANG_CXX_LANGUAGE_STANDARD = "gnu++20";
				CLANG_ENABLE_MODULES = YES;
				CLANG_ENABLE_OBJC_ARC = YES;
				CLANG_ENABLE_OBJC_WEAK = YES;
				CLANG_WARN_BLOCK_CAPTURE_AUTORELEASING = YES;
				CLANG_WARN_BOOL_CONVERSION = YES;
				CLANG_WARN_COMMA = YES;
				CLANG_WARN_CONSTANT_CONVERSION = YES;
				CLANG_WARN_DEPRECATED_OBJC_IMPLEMENTATIONS = YES;
				CLANG_WARN_DIRECT_OBJC_ISA_USAGE = YES_ERROR;
				CLANG_WARN_DOCUMENTATION_COMMENTS = YES;
				CLANG_WARN_EMPTY_BODY = YES;
				CLANG_WARN_ENUM_CONVERSION = YES;
				CLANG_WARN_INFINITE_RECURSION = YES;
				CLANG_WARN_INT_CONVERSION = YES;
				CLANG_WARN_NON_LITERAL_NULL_CONVERSION = YES;
				CLANG_WARN_OBJC_IMPLICIT_RETAIN_SELF = YES;
				CLANG_WARN_OBJC_LITERAL_CONVERSION = YES;
				CLANG_WARN_OBJC_ROOT_CLASS = YES_ERROR;
				CLANG_WARN_QUOTED_INCLUDE_IN_FRAMEWORK_HEADER = YES;
				CLANG_WARN_RANGE_LOOP_ANALYSIS = YES;
				CLANG_WARN_STRICT_PROTOTYPES = YES;
				CLANG_WARN_SUSPICIOUS_MOVE = YES;
				CLANG_WARN_UNGUARDED_AVAILABILITY = YES_AGGRESSIVE;
				CLANG_WARN_UNREACHABLE_CODE = YES;
				CLANG_WARN__DUPLICATE_METHOD_MATCH = YES;
				COPY_PHASE_STRIP = NO;
				DEBUG_INFORMATION_FORMAT = "dwarf-with-dsym";
				DEVELOPMENT_TEAM = W2262Z7D8F;
				ENABLE_NS_ASSERTIONS = NO;
				ENABLE_STRICT_OBJC_MSGSEND = YES;
				ENABLE_USER_SCRIPT_SANDBOXING = YES;
				GCC_C_LANGUAGE_STANDARD = gnu17;
				GCC_NO_COMMON_BLOCKS = YES;
				GCC_WARN_64_TO_32_BIT_CONVERSION = YES;
				GCC_WARN_ABOUT_RETURN_TYPE = YES_ERROR;
				GCC_WARN_UNDECLARED_SELECTOR = YES;
				GCC_WARN_UNINITIALIZED_AUTOS = YES_AGGRESSIVE;
				GCC_WARN_UNUSED_FUNCTION = YES;
				GCC_WARN_UNUSED_VARIABLE = YES;
				IPHONEOS_DEPLOYMENT_TARGET = 18.4;
				LOCALIZATION_PREFERS_STRING_CATALOGS = YES;
				MTL_ENABLE_DEBUG_INFO = NO;
				MTL_FAST_MATH = YES;
				SDKROOT = iphoneos;
				SWIFT_COMPILATION_MODE = wholemodule;
				VALIDATE_PRODUCT = YES;
			};
			name = Release;
		};
/* End XCBuildConfiguration section */

/* Begin XCConfigurationList section */
		D6EA2D012DC8914000ACDC9D /* Build configuration list for PBXProject "Sipider_Web" */ = {
			isa = XCConfigurationList;
			buildConfigurations = (
				D6EA2D1F2DC8914200ACDC9D /* Debug */,
				D6EA2D202DC8914200ACDC9D /* Release */,
			);
			defaultConfigurationIsVisible = 0;
			defaultConfigurationName = Release;
		};
		D6EA2D1C2DC8914200ACDC9D /* Build configuration list for PBXNativeTarget "Sipider_Web" */ = {
			isa = XCConfigurationList;
			buildConfigurations = (
				D6EA2D1D2DC8914200ACDC9D /* Debug */,
				D6EA2D1E2DC8914200ACDC9D /* Release */,
			);
			defaultConfigurationIsVisible = 0;
			defaultConfigurationName = Release;
		};
/* End XCConfigurationList section */

/* Begin XCRemoteSwiftPackageReference section */
		D6EA2DA62DC8A4B400ACDC9D /* XCRemoteSwiftPackageReference "firebase-ios-sdk" */ = {
			isa = XCRemoteSwiftPackageReference;
			repositoryURL = "https://github.com/firebase/firebase-ios-sdk";
			requirement = {
				kind = upToNextMajorVersion;
				minimumVersion = 11.12.0;
			};
		};
/* End XCRemoteSwiftPackageReference section */

/* Begin XCSwiftPackageProductDependency section */
		D6EA2DA72DC8A4B400ACDC9D /* FirebaseAuth */ = {
			isa = XCSwiftPackageProductDependency;
			package = D6EA2DA62DC8A4B400ACDC9D /* XCRemoteSwiftPackageReference "firebase-ios-sdk" */;
			productName = FirebaseAuth;
		};
		D6EA2DA92DC8A4B400ACDC9D /* FirebaseCore */ = {
			isa = XCSwiftPackageProductDependency;
			package = D6EA2DA62DC8A4B400ACDC9D /* XCRemoteSwiftPackageReference "firebase-ios-sdk" */;
			productName = FirebaseCore;
		};
		D6EA2DAB2DC8A4B400ACDC9D /* FirebaseFirestore */ = {
			isa = XCSwiftPackageProductDependency;
			package = D6EA2DA62DC8A4B400ACDC9D /* XCRemoteSwiftPackageReference "firebase-ios-sdk" */;
			productName = FirebaseFirestore;
		};
		D6EA2E942DC8AE9400ACDC9D /* FirebaseAnalytics */ = {
			isa = XCSwiftPackageProductDependency;
			package = D6EA2DA62DC8A4B400ACDC9D /* XCRemoteSwiftPackageReference "firebase-ios-sdk" */;
			productName = FirebaseAnalytics;
		};
		D6EA2E962DC8AE9400ACDC9D /* FirebaseDatabase */ = {
			isa = XCSwiftPackageProductDependency;
			package = D6EA2DA62DC8A4B400ACDC9D /* XCRemoteSwiftPackageReference "firebase-ios-sdk" */;
			productName = FirebaseDatabase;
		};
		D6EA2E982DC8AE9400ACDC9D /* FirebaseStorage */ = {
			isa = XCSwiftPackageProductDependency;
			package = D6EA2DA62DC8A4B400ACDC9D /* XCRemoteSwiftPackageReference "firebase-ios-sdk" */;
			productName = FirebaseStorage;
		};
		D6EA2EF42DC8BEC300ACDC9D /* FirebaseInAppMessaging-Beta */ = {
			isa = XCSwiftPackageProductDependency;
			package = D6EA2DA62DC8A4B400ACDC9D /* XCRemoteSwiftPackageReference "firebase-ios-sdk" */;
			productName = "FirebaseInAppMessaging-Beta";
		};
/* End XCSwiftPackageProductDependency section */
	};
	rootObject = D6EA2CFE2DC8914000ACDC9D /* Project object */;
}
